
Microsoft Visual Studio Solution File, Format Version 12.00
# Visual Studio Version 16
VisualStudioVersion = 16.0.30804.86
MinimumVisualStudioVersion = 10.0.40219.1
Project("{FAE04EC0-301F-11D3-BF4B-00C04F79EFBC}") = "ServerlessSignalR", "ServerlessSignalR\ServerlessSignalR.csproj", "{CC14FED5-22F3-404A-8723-4B4163FFB024}"
EndProject
Global
	GlobalSection(SolutionConfigurationPlatforms) = preSolution
		Debug|Any CPU = Debug|Any CPU
		Release|Any CPU = Release|Any CPU
	EndGlobalSection
	GlobalSection(ProjectConfigurationPlatforms) = postSolution
		{CC14FED5-22F3-404A-8723-4B4163FFB024}.Debug|Any CPU.ActiveCfg = Debug|Any CPU
		{CC14FED5-22F3-404A-8723-4B4163FFB024}.Debug|Any CPU.Build.0 = Debug|Any CPU
		{CC14FED5-22F3-404A-8723-4B4163FFB024}.Release|Any CPU.ActiveCfg = Release|Any CPU
		{CC14FED5-22F3-404A-8723-4B4163FFB024}.Release|Any CPU.Build.0 = Release|Any CPU
	EndGlobalSection
	GlobalSection(SolutionProperties) = preSolution
		HideSolutionNode = FALSE
	EndGlobalSection
	GlobalSection(ExtensibilityGlobals) = postSolution
		SolutionGuid = {1BF024D8-6269-444E-95F1-9E2E2B2ED589}
	EndGlobalSection
EndGlobal
